// !$*UTF8*$!
{
	archiveVersion = 1;
	classes = {
	};
	objectVersion = 46;
	objects = {

/* Begin PBXBuildFile section */
		A2F193851BF565EC003C47EF /* main.m in Sources */ = {isa = PBXBuildFile; fileRef = A2F193841BF565EC003C47EF /* main.m */; };
		A2F193881BF565EC003C47EF /* AppDelegate.m in Sources */ = {isa = PBXBuildFile; fileRef = A2F193871BF565EC003C47EF /* AppDelegate.m */; };
		A2F1938B1BF565EC003C47EF /* ViewController.m in Sources */ = {isa = PBXBuildFile; fileRef = A2F1938A1BF565EC003C47EF /* ViewController.m */; };
		A2F1938E1BF565EC003C47EF /* Main.storyboard in Resources */ = {isa = PBXBuildFile; fileRef = A2F1938C1BF565EC003C47EF /* Main.storyboard */; };
		A2F193901BF565EC003C47EF /* Assets.xcassets in Resources */ = {isa = PBXBuildFile; fileRef = A2F1938F1BF565EC003C47EF /* Assets.xcassets */; };
		A2F193931BF565EC003C47EF /* LaunchScreen.storyboard in Resources */ = {isa = PBXBuildFile; fileRef = A2F193911BF565EC003C47EF /* LaunchScreen.storyboard */; };
		A2F1939E1BF565EC003C47EF /* ImaginariumTests.m in Sources */ = {isa = PBXBuildFile; fileRef = A2F1939D1BF565EC003C47EF /* ImaginariumTests.m */; };
		A2F193A91BF565EC003C47EF /* ImaginariumUITests.m in Sources */ = {isa = PBXBuildFile; fileRef = A2F193A81BF565EC003C47EF /* ImaginariumUITests.m */; };
/* End PBXBuildFile section */

/* Begin PBXContainerItemProxy section */
		A2F1939A1BF565EC003C47EF /* PBXContainerItemProxy */ = {
			isa = PBXContainerItemProxy;
			containerPortal = A2F193781BF565EC003C47EF /* Project object */;
			proxyType = 1;
			remoteGlobalIDString = A2F1937F1BF565EC003C47EF;
			remoteInfo = Imaginarium;
		};
		A2F193A51BF565EC003C47EF /* PBXContainerItemProxy */ = {
			isa = PBXContainerItemProxy;
			containerPortal = A2F193781BF565EC003C47EF /* Project object */;
			proxyType = 1;
			remoteGlobalIDString = A2F1937F1BF565EC003C47EF;
			remoteInfo = Imaginarium;
		};
/* End PBXContainerItemProxy section */

/* Begin PBXFileReference section */
		A2F193801BF565EC003C47EF /* Imaginarium.app */ = {isa = PBXFileReference; explicitFileType = wrapper.application; includeInIndex = 0; path = Imaginarium.app; sourceTree = BUILT_PRODUCTS_DIR; };
		A2F193841BF565EC003C47EF /* main.m */ = {isa = PBXFileReference; lastKnownFileType = sourcecode.c.objc; path = main.m; sourceTree = "<group>"; };
		A2F193861BF565EC003C47EF /* AppDelegate.h */ = {isa = PBXFileReference; lastKnownFileType = sourcecode.c.h; path = AppDelegate.h; sourceTree = "<group>"; };
		A2F193871BF565EC003C47EF /* AppDelegate.m */ = {isa = PBXFileReference; lastKnownFileType = sourcecode.c.objc; path = AppDelegate.m; sourceTree = "<group>"; };
		A2F193891BF565EC003C47EF /* ViewController.h */ = {isa = PBXFileReference; lastKnownFileType = sourcecode.c.h; path = ViewController.h; sourceTree = "<group>"; };
		A2F1938A1BF565EC003C47EF /* ViewController.m */ = {isa = PBXFileReference; lastKnownFileType = sourcecode.c.objc; path = ViewController.m; sourceTree = "<group>"; };
		A2F1938D1BF565EC003C47EF /* Base */ = {isa = PBXFileReference; lastKnownFileType = file.storyboard; name = Base; path = Base.lproj/Main.storyboard; sourceTree = "<group>"; };
		A2F1938F1BF565EC003C47EF /* Assets.xcassets */ = {isa = PBXFileReference; lastKnownFileType = folder.assetcatalog; path = Assets.xcassets; sourceTree = "<group>"; };
		A2F193921BF565EC003C47EF /* Base */ = {isa = PBXFileReference; lastKnownFileType = file.storyboard; name = Base; path = Base.lproj/LaunchScreen.storyboard; sourceTree = "<group>"; };
		A2F193941BF565EC003C47EF /* Info.plist */ = {isa = PBXFileReference; lastKnownFileType = text.plist.xml; path = Info.plist; sourceTree = "<group>"; };
		A2F193991BF565EC003C47EF /* ImaginariumTests.xctest */ = {isa = PBXFileReference; explicitFileType = wrapper.cfbundle; includeInIndex = 0; path = ImaginariumTests.xctest; sourceTree = BUILT_PRODUCTS_DIR; };
		A2F1939D1BF565EC003C47EF /* ImaginariumTests.m */ = {isa = PBXFileReference; lastKnownFileType = sourcecode.c.objc; path = ImaginariumTests.m; sourceTree = "<group>"; };
		A2F1939F1BF565EC003C47EF /* Info.plist */ = {isa = PBXFileReference; lastKnownFileType = text.plist.xml; path = Info.plist; sourceTree = "<group>"; };
		A2F193A41BF565EC003C47EF /* ImaginariumUITests.xctest */ = {isa = PBXFileReference; explicitFileType = wrapper.cfbundle; includeInIndex = 0; path = ImaginariumUITests.xctest; sourceTree = BUILT_PRODUCTS_DIR; };
		A2F193A81BF565EC003C47EF /* ImaginariumUITests.m */ = {isa = PBXFileReference; lastKnownFileType = sourcecode.c.objc; path = ImaginariumUITests.m; sourceTree = "<group>"; };
		A2F193AA1BF565EC003C47EF /* Info.plist */ = {isa = PBXFileReference; lastKnownFileType = text.plist.xml; path = Info.plist; sourceTree = "<group>"; };
/* End PBXFileReference section */

/* Begin PBXFrameworksBuildPhase section */
		A2F1937D1BF565EC003C47EF /* Frameworks */ = {
			isa = PBXFrameworksBuildPhase;
			buildActionMask = 2147483647;
			files = (
			);
			runOnlyForDeploymentPostprocessing = 0;
		};
		A2F193961BF565EC003C47EF /* Frameworks */ = {
			isa = PBXFrameworksBuildPhase;
			buildActionMask = 2147483647;
			files = (
			);
			runOnlyForDeploymentPostprocessing = 0;
		};
		A2F193A11BF565EC003C47EF /* Frameworks */ = {
			isa = PBXFrameworksBuildPhase;
			buildActionMask = 2147483647;
			files = (
			);
			runOnlyForDeploymentPostprocessing = 0;
		};
/* End PBXFrameworksBuildPhase section */

/* Begin PBXGroup section */
		A2F193771BF565EC003C47EF = {
			isa = PBXGroup;
			children = (
				A2F193821BF565EC003C47EF /* Imaginarium */,
				A2F1939C1BF565EC003C47EF /* ImaginariumTests */,
				A2F193A71BF565EC003C47EF /* ImaginariumUITests */,
				A2F193811BF565EC003C47EF /* Products */,
			);
			sourceTree = "<group>";
		};
		A2F193811BF565EC003C47EF /* Products */ = {
			isa = PBXGroup;
			children = (
				A2F193801BF565EC003C47EF /* Imaginarium.app */,
				A2F193991BF565EC003C47EF /* ImaginariumTests.xctest */,
				A2F193A41BF565EC003C47EF /* ImaginariumUITests.xctest */,
			);
			name = Products;
			sourceTree = "<group>";
		};
		A2F193821BF565EC003C47EF /* Imaginarium */ = {
			isa = PBXGroup;
			children = (
				A2F193861BF565EC003C47EF /* AppDelegate.h */,
				A2F193871BF565EC003C47EF /* AppDelegate.m */,
				A2F193891BF565EC003C47EF /* ViewController.h */,
				A2F1938A1BF565EC003C47EF /* ViewController.m */,
				A2F1938C1BF565EC003C47EF /* Main.storyboard */,
				A2F1938F1BF565EC003C47EF /* Assets.xcassets */,
				A2F193911BF565EC003C47EF /* LaunchScreen.storyboard */,
				A2F193941BF565EC003C47EF /* Info.plist */,
				A2F193831BF565EC003C47EF /* Supporting Files */,
			);
			path = Imaginarium;
			sourceTree = "<group>";
		};
		A2F193831BF565EC003C47EF /* Supporting Files */ = {
			isa = PBXGroup;
			children = (
				A2F193841BF565EC003C47EF /* main.m */,
			);
			name = "Supporting Files";
			sourceTree = "<group>";
		};
		A2F1939C1BF565EC003C47EF /* ImaginariumTests */ = {
			isa = PBXGroup;
			children = (
				A2F1939D1BF565EC003C47EF /* ImaginariumTests.m */,
				A2F1939F1BF565EC003C47EF /* Info.plist */,
			);
			path = ImaginariumTests;
			sourceTree = "<group>";
		};
		A2F193A71BF565EC003C47EF /* ImaginariumUITests */ = {
			isa = PBXGroup;
			children = (
				A2F193A81BF565EC003C47EF /* ImaginariumUITests.m */,
				A2F193AA1BF565EC003C47EF /* Info.plist */,
			);
			path = ImaginariumUITests;
			sourceTree = "<group>";
		};
/* End PBXGroup section */

/* Begin PBXNativeTarget section */
		A2F1937F1BF565EC003C47EF /* Imaginarium */ = {
			isa = PBXNativeTarget;
			buildConfigurationList = A2F193AD1BF565EC003C47EF /* Build configuration list for PBXNativeTarget "Imaginarium" */;
			buildPhases = (
				A2F1937C1BF565EC003C47EF /* Sources */,
				A2F1937D1BF565EC003C47EF /* Frameworks */,
				A2F1937E1BF565EC003C47EF /* Resources */,
			);
			buildRules = (
			);
			dependencies = (
			);
			name = Imaginarium;
			productName = Imaginarium;
			productReference = A2F193801BF565EC003C47EF /* Imaginarium.app */;
			productType = "com.apple.product-type.application";
		};
		A2F193981BF565EC003C47EF /* ImaginariumTests */ = {
			isa = PBXNativeTarget;
			buildConfigurationList = A2F193B01BF565EC003C47EF /* Build configuration list for PBXNativeTarget "ImaginariumTests" */;
			buildPhases = (
				A2F193951BF565EC003C47EF /* Sources */,
				A2F193961BF565EC003C47EF /* Frameworks */,
				A2F193971BF565EC003C47EF /* Resources */,
			);
			buildRules = (
			);
			dependencies = (
				A2F1939B1BF565EC003C47EF /* PBXTargetDependency */,
			);
			name = ImaginariumTests;
			productName = ImaginariumTests;
			productReference = A2F193991BF565EC003C47EF /* ImaginariumTests.xctest */;
			productType = "com.apple.product-type.bundle.unit-test";
		};
		A2F193A31BF565EC003C47EF /* ImaginariumUITests */ = {
			isa = PBXNativeTarget;
			buildConfigurationList = A2F193B31BF565EC003C47EF /* Build configuration list for PBXNativeTarget "ImaginariumUITests" */;
			buildPhases = (
				A2F193A01BF565EC003C47EF /* Sources */,
				A2F193A11BF565EC003C47EF /* Frameworks */,
				A2F193A21BF565EC003C47EF /* Resources */,
			);
			buildRules = (
			);
			dependencies = (
				A2F193A61BF565EC003C47EF /* PBXTargetDependency */,
			);
			name = ImaginariumUITests;
			productName = ImaginariumUITests;
			productReference = A2F193A41BF565EC003C47EF /* ImaginariumUITests.xctest */;
			productType = "com.apple.product-type.bundle.ui-testing";
		};
/* End PBXNativeTarget section */

/* Begin PBXProject section */
		A2F193781BF565EC003C47EF /* Project object */ = {
			isa = PBXProject;
			attributes = {
				LastUpgradeCheck = 0710;
				ORGANIZATIONNAME = self.edu;
				TargetAttributes = {
					A2F1937F1BF565EC003C47EF = {
						CreatedOnToolsVersion = 7.1;
					};
					A2F193981BF565EC003C47EF = {
						CreatedOnToolsVersion = 7.1;
						TestTargetID = A2F1937F1BF565EC003C47EF;
					};
					A2F193A31BF565EC003C47EF = {
						CreatedOnToolsVersion = 7.1;
						TestTargetID = A2F1937F1BF565EC003C47EF;
					};
				};
			};
			buildConfigurationList = A2F1937B1BF565EC003C47EF /* Build configuration list for PBXProject "Imaginarium" */;
			compatibilityVersion = "Xcode 3.2";
			developmentRegion = English;
			hasScannedForEncodings = 0;
			knownRegions = (
				en,
				Base,
			);
			mainGroup = A2F193771BF565EC003C47EF;
			productRefGroup = A2F193811BF565EC003C47EF /* Products */;
			projectDirPath = "";
			projectRoot = "";
			targets = (
				A2F1937F1BF565EC003C47EF /* Imaginarium */,
				A2F193981BF565EC003C47EF /* ImaginariumTests */,
				A2F193A31BF565EC003C47EF /* ImaginariumUITests */,
			);
		};
/* End PBXProject section */

/* Begin PBXResourcesBuildPhase section */
		A2F1937E1BF565EC003C47EF /* Resources */ = {
			isa = PBXResourcesBuildPhase;
			buildActionMask = 2147483647;
			files = (
				A2F193931BF565EC003C47EF /* LaunchScreen.storyboard in Resources */,
				A2F193901BF565EC003C47EF /* Assets.xcassets in Resources */,
				A2F1938E1BF565EC003C47EF /* Main.storyboard in Resources */,
			);
			runOnlyForDeploymentPostprocessing = 0;
		};
		A2F193971BF565EC003C47EF /* Resources */ = {
			isa = PBXResourcesBuildPhase;
			buildActionMask = 2147483647;
			files = (
			);
			runOnlyForDeploymentPostprocessing = 0;
		};
		A2F193A21BF565EC003C47EF /* Resources */ = {
			isa = PBXResourcesBuildPhase;
			buildActionMask = 2147483647;
			files = (
			);
			runOnlyForDeploymentPostprocessing = 0;
		};
/* End PBXResourcesBuildPhase section */

/* Begin PBXSourcesBuildPhase section */
		A2F1937C1BF565EC003C47EF /* Sources */ = {
			isa = PBXSourcesBuildPhase;
			buildActionMask = 2147483647;
			files = (
				A2F1938B1BF565EC003C47EF /* ViewController.m in Sources */,
				A2F193881BF565EC003C47EF /* AppDelegate.m in Sources */,
				A2F193851BF565EC003C47EF /* main.m in Sources */,
			);
			runOnlyForDeploymentPostprocessing = 0;
		};
		A2F193951BF565EC003C47EF /* Sources */ = {
			isa = PBXSourcesBuildPhase;
			buildActionMask = 2147483647;
			files = (
				A2F1939E1BF565EC003C47EF /* ImaginariumTests.m in Sources */,
			);
			runOnlyForDeploymentPostprocessing = 0;
		};
		A2F193A01BF565EC003C47EF /* Sources */ = {
			isa = PBXSourcesBuildPhase;
			buildActionMask = 2147483647;
			files = (
				A2F193A91BF565EC003C47EF /* ImaginariumUITests.m in Sources */,
			);
			runOnlyForDeploymentPostprocessing = 0;
		};
/* End PBXSourcesBuildPhase section */

/* Begin PBXTargetDependency section */
		A2F1939B1BF565EC003C47EF /* PBXTargetDependency */ = {
			isa = PBXTargetDependency;
			target = A2F1937F1BF565EC003C47EF /* Imaginarium */;
			targetProxy = A2F1939A1BF565EC003C47EF /* PBXContainerItemProxy */;
		};
		A2F193A61BF565EC003C47EF /* PBXTargetDependency */ = {
			isa = PBXTargetDependency;
			target = A2F1937F1BF565EC003C47EF /* Imaginarium */;
			targetProxy = A2F193A51BF565EC003C47EF /* PBXContainerItemProxy */;
		};
/* End PBXTargetDependency section */

/* Begin PBXVariantGroup section */
		A2F1938C1BF565EC003C47EF /* Main.storyboard */ = {
			isa = PBXVariantGroup;
			children = (
				A2F1938D1BF565EC003C47EF /* Base */,
			);
			name = Main.storyboard;
			sourceTree = "<group>";
		};
		A2F193911BF565EC003C47EF /* LaunchScreen.storyboard */ = {
			isa = PBXVariantGroup;
			children = (
				A2F193921BF565EC003C47EF /* Base */,
			);
			name = LaunchScreen.storyboard;
			sourceTree = "<group>";
		};
/* End PBXVariantGroup section */

/* Begin XCBuildConfiguration section */
		A2F193AB1BF565EC003C47EF /* Debug */ = {
			isa = XCBuildConfiguration;
			buildSettings = {
				ALWAYS_SEARCH_USER_PATHS = NO;
				CLANG_CXX_LANGUAGE_STANDARD = "gnu++0x";
				CLANG_CXX_LIBRARY = "libc++";
				CLANG_ENABLE_MODULES = YES;
				CLANG_ENABLE_OBJC_ARC = YES;
				CLANG_WARN_BOOL_CONVERSION = YES;
				CLANG_WARN_CONSTANT_CONVERSION = YES;
				CLANG_WARN_DIRECT_OBJC_ISA_USAGE = YES_ERROR;
				CLANG_WARN_EMPTY_BODY = YES;
				CLANG_WARN_ENUM_CONVERSION = YES;
				CLANG_WARN_INT_CONVERSION = YES;
				CLANG_WARN_OBJC_ROOT_CLASS = YES_ERROR;
				CLANG_WARN_UNREACHABLE_CODE = YES;
				CLANG_WARN__DUPLICATE_METHOD_MATCH = YES;
				"CODE_SIGN_IDENTITY[sdk=iphoneos*]" = "iPhone Developer";
				COPY_PHASE_STRIP = NO;
				DEBUG_INFORMATION_FORMAT = dwarf;
				ENABLE_STRICT_OBJC_MSGSEND = YES;
				ENABLE_TESTABILITY = YES;
				GCC_C_LANGUAGE_STANDARD = gnu99;
				GCC_DYNAMIC_NO_PIC = NO;
				GCC_NO_COMMON_BLOCKS = YES;
				GCC_OPTIMIZATION_LEVEL = 0;
				GCC_PREPROCESSOR_DEFINITIONS = (
					"DEBUG=1",
					"$(inherited)",
				);
				GCC_WARN_64_TO_32_BIT_CONVERSION = YES;
				GCC_WARN_ABOUT_RETURN_TYPE = YES_ERROR;
				GCC_WARN_UNDECLARED_SELECTOR = YES;
				GCC_WARN_UNINITIALIZED_AUTOS = YES_AGGRESSIVE;
				GCC_WARN_UNUSED_FUNCTION = YES;
				GCC_WARN_UNUSED_VARIABLE = YES;
				IPHONEOS_DEPLOYMENT_TARGET = 9.1;
				MTL_ENABLE_DEBUG_INFO = YES;
				ONLY_ACTIVE_ARCH = YES;
				SDKROOT = iphoneos;
			};
			name = Debug;
		};
		A2F193AC1BF565EC003C47EF /* Release */ = {
			isa = XCBuildConfiguration;
			buildSettings = {
				ALWAYS_SEARCH_USER_PATHS = NO;
				CLANG_CXX_LANGUAGE_STANDARD = "gnu++0x";
				CLANG_CXX_LIBRARY = "libc++";
				CLANG_ENABLE_MODULES = YES;
				CLANG_ENABLE_OBJC_ARC = YES;
				CLANG_WARN_BOOL_CONVERSION = YES;
				CLANG_WARN_CONSTANT_CONVERSION = YES;
				CLANG_WARN_DIRECT_OBJC_ISA_USAGE = YES_ERROR;
				CLANG_WARN_EMPTY_BODY = YES;
				CLANG_WARN_ENUM_CONVERSION = YES;
				CLANG_WARN_INT_CONVERSION = YES;
				CLANG_WARN_OBJC_ROOT_CLASS = YES_ERROR;
				CLANG_WARN_UNREACHABLE_CODE = YES;
				CLANG_WARN__DUPLICATE_METHOD_MATCH = YES;
				"CODE_SIGN_IDENTITY[sdk=iphoneos*]" = "iPhone Developer";
				COPY_PHASE_STRIP = NO;
				DEBUG_INFORMATION_FORMAT = "dwarf-with-dsym";
				ENABLE_NS_ASSERTIONS = NO;
				ENABLE_STRICT_OBJC_MSGSEND = YES;
				GCC_C_LANGUAGE_STANDARD = gnu99;
				GCC_NO_COMMON_BLOCKS = YES;
				GCC_WARN_64_TO_32_BIT_CONVERSION = YES;
				GCC_WARN_ABOUT_RETURN_TYPE = YES_ERROR;
				GCC_WARN_UNDECLARED_SELECTOR = YES;
				GCC_WARN_UNINITIALIZED_AUTOS = YES_AGGRESSIVE;
				GCC_WARN_UNUSED_FUNCTION = YES;
				GCC_WARN_UNUSED_VARIABLE = YES;
				IPHONEOS_DEPLOYMENT_TARGET = 9.1;
				MTL_ENABLE_DEBUG_INFO = NO;
				SDKROOT = iphoneos;
				VALIDATE_PRODUCT = YES;
			};
			name = Release;
		};
		A2F193AE1BF565EC003C47EF /* Debug */ = {
			isa = XCBuildConfiguration;
			buildSettings = {
				ASSETCATALOG_COMPILER_APPICON_NAME = AppIcon;
				INFOPLIST_FILE = Imaginarium/Info.plist;
				LD_RUNPATH_SEARCH_PATHS = "$(inherited) @executable_path/Frameworks";
				PRODUCT_BUNDLE_IDENTIFIER = self.edu.Imaginarium;
				PRODUCT_NAME = "$(TARGET_NAME)";
			};
			name = Debug;
		};
		A2F193AF1BF565EC003C47EF /* Release */ = {
			isa = XCBuildConfiguration;
			buildSettings = {
				ASSETCATALOG_COMPILER_APPICON_NAME = AppIcon;
				INFOPLIST_FILE = Imaginarium/Info.plist;
				LD_RUNPATH_SEARCH_PATHS = "$(inherited) @executable_path/Frameworks";
				PRODUCT_BUNDLE_IDENTIFIER = self.edu.Imaginarium;
				PRODUCT_NAME = "$(TARGET_NAME)";
			};
			name = Release;
		};
		A2F193B11BF565EC003C47EF /* Debug */ = {
			isa = XCBuildConfiguration;
			buildSettings = {
				BUNDLE_LOADER = "$(TEST_HOST)";
				INFOPLIST_FILE = ImaginariumTests/Info.plist;
				LD_RUNPATH_SEARCH_PATHS = "$(inherited) @executable_path/Frameworks @loader_path/Frameworks";
				PRODUCT_BUNDLE_IDENTIFIER = self.edu.ImaginariumTests;
				PRODUCT_NAME = "$(TARGET_NAME)";
				TEST_HOST = "$(BUILT_PRODUCTS_DIR)/Imaginarium.app/Imaginarium";
			};
			name = Debug;
		};
		A2F193B21BF565EC003C47EF /* Release */ = {
			isa = XCBuildConfiguration;
			buildSettings = {
				BUNDLE_LOADER = "$(TEST_HOST)";
				INFOPLIST_FILE = ImaginariumTests/Info.plist;
				LD_RUNPATH_SEARCH_PATHS = "$(inherited) @executable_path/Frameworks @loader_path/Frameworks";
				PRODUCT_BUNDLE_IDENTIFIER = self.edu.ImaginariumTests;
				PRODUCT_NAME = "$(TARGET_NAME)";
				TEST_HOST = "$(BUILT_PRODUCTS_DIR)/Imaginarium.app/Imaginarium";
			};
			name = Release;
		};
		A2F193B41BF565EC003C47EF /* Debug */ = {
			isa = XCBuildConfiguration;
			buildSettings = {
				INFOPLIST_FILE = ImaginariumUITests/Info.plist;
				LD_RUNPATH_SEARCH_PATHS = "$(inherited) @executable_path/Frameworks @loader_path/Frameworks";
				PRODUCT_BUNDLE_IDENTIFIER = self.edu.ImaginariumUITests;
				PRODUCT_NAME = "$(TARGET_NAME)";
				TEST_TARGET_NAME = Imaginarium;
				USES_XCTRUNNER = YES;
			};
			name = Debug;
		};
		A2F193B51BF565EC003C47EF /* Release */ = {
			isa = XCBuildConfiguration;
			buildSettings = {
				INFOPLIST_FILE = ImaginariumUITests/Info.plist;
				LD_RUNPATH_SEARCH_PATHS = "$(inherited) @executable_path/Frameworks @loader_path/Frameworks";
				PRODUCT_BUNDLE_IDENTIFIER = self.edu.ImaginariumUITests;
				PRODUCT_NAME = "$(TARGET_NAME)";
				TEST_TARGET_NAME = Imaginarium;
				USES_XCTRUNNER = YES;
			};
			name = Release;
		};
/* End XCBuildConfiguration section */

/* Begin XCConfigurationList section */
		A2F1937B1BF565EC003C47EF /* Build configuration list for PBXProject "Imaginarium" */ = {
			isa = XCConfigurationList;
			buildConfigurations = (
				A2F193AB1BF565EC003C47EF /* Debug */,
				A2F193AC1BF565EC003C47EF /* Release */,
			);
			defaultConfigurationIsVisible = 0;
			defaultConfigurationName = Release;
		};
		A2F193AD1BF565EC003C47EF /* Build configuration list for PBXNativeTarget "Imaginarium" */ = {
			isa = XCConfigurationList;
			buildConfigurations = (
				A2F193AE1BF565EC003C47EF /* Debug */,
				A2F193AF1BF565EC003C47EF /* Release */,
			);
			defaultConfigurationIsVisible = 0;
		};
		A2F193B01BF565EC003C47EF /* Build configuration list for PBXNativeTarget "ImaginariumTests" */ = {
			isa = XCConfigurationList;
			buildConfigurations = (
				A2F193B11BF565EC003C47EF /* Debug */,
				A2F193B21BF565EC003C47EF /* Release */,
			);
			defaultConfigurationIsVisible = 0;
		};
		A2F193B31BF565EC003C47EF /* Build configuration list for PBXNativeTarget "ImaginariumUITests" */ = {
			isa = XCConfigurationList;
			buildConfigurations = (
				A2F193B41BF565EC003C47EF /* Debug */,
				A2F193B51BF565EC003C47EF /* Release */,
			);
			defaultConfigurationIsVisible = 0;
		};
/* End XCConfigurationList section */
	};
	rootObject = A2F193781BF565EC003C47EF /* Project object */;
}
